<?xml version="1.0" encoding="utf-8"?>
<Project ToolsVersion="4.0" xmlns="http://schemas.microsoft.com/developer/msbuild/2003">
  <ItemGroup>
    <Filter Include="Core">
      <UniqueIdentifier>{1c62bcdc-88dd-4cea-9511-d69aaf8e7388}</UniqueIdentifier>
    </Filter>
    <Filter Include="Core\h">
      <UniqueIdentifier>{446a30fb-3de5-43d4-bfe2-9fb9c45d0160}</UniqueIdentifier>
    </Filter>
    <Filter Include="Core\cpp">
      <UniqueIdentifier>{54eae404-bd92-422f-a332-4034ded924d1}</UniqueIdentifier>
    </Filter>
    <Filter Include="Graphics">
      <UniqueIdentifier>{5ab7f382-72b8-419e-91a0-b6332ab75d99}</UniqueIdentifier>
    </Filter>
    <Filter Include="Graphics\Shaders">
      <UniqueIdentifier>{1ac57378-7bae-4034-8c28-a94db0a4cf65}</UniqueIdentifier>
    </Filter>
    <Filter Include="Graphics\Shaders\h">
      <UniqueIdentifier>{870c8472-1b38-4fe9-be00-a26f5adad7ca}</UniqueIdentifier>
    </Filter>
    <Filter Include="Graphics\Shaders\cpp">
      <UniqueIdentifier>{f80a9e03-afac-4aa8-8d4d-7dc64abfd775}</UniqueIdentifier>
    </Filter>
    <Filter Include="Graphics\Shaders\hlsl">
      <UniqueIdentifier>{f09d47fc-e830-479e-9afa-4f63043042ad}</UniqueIdentifier>
    </Filter>
    <Filter Include="Graphics\Textures">
      <UniqueIdentifier>{a7410136-9ee5-4fe2-a9a9-2f274692e270}</UniqueIdentifier>
    </Filter>
    <Filter Include="Graphics\Textures\h">
      <UniqueIdentifier>{32f40dcf-6907-4826-b412-2eeb310558ee}</UniqueIdentifier>
    </Filter>
    <Filter Include="Graphics\Textures\cpp">
      <UniqueIdentifier>{95757393-1717-4df0-b39f-4679ad50085a}</UniqueIdentifier>
    </Filter>
    <Filter Include="Utils">
      <UniqueIdentifier>{9d316205-c23e-4fa3-8563-2ff3c8f8dae6}</UniqueIdentifier>
    </Filter>
    <Filter Include="Utils\h">
      <UniqueIdentifier>{c0986d20-7546-48c0-9dc3-9ed819ea5c18}</UniqueIdentifier>
    </Filter>
    <Filter Include="Utils\cpp">
      <UniqueIdentifier>{169475f0-402a-4acb-98e9-4d1ef1f9867e}</UniqueIdentifier>
    </Filter>
    <Filter Include="Gameplay Framework">
      <UniqueIdentifier>{ec387fe0-bc86-4786-b90e-ef4c3269a004}</UniqueIdentifier>
    </Filter>
    <Filter Include="Gameplay Framework\h">
      <UniqueIdentifier>{7f411bfe-d31b-4b1f-9ca6-d77775258148}</UniqueIdentifier>
    </Filter>
    <Filter Include="Gameplay Framework\cpp">
      <UniqueIdentifier>{ccd975ba-e191-4aed-be2f-8dfbba244210}</UniqueIdentifier>
    </Filter>
    <Filter Include="Gameplay Framework\Components">
      <UniqueIdentifier>{d54d5324-2603-445e-85e4-7c20c283de2c}</UniqueIdentifier>
    </Filter>
    <Filter Include="Gameplay Framework\Components\h">
      <UniqueIdentifier>{69701032-e11d-4809-aca7-50d1f90a618b}</UniqueIdentifier>
    </Filter>
    <Filter Include="Gameplay Framework\Components\cpp">
      <UniqueIdentifier>{ef0db60f-7fbb-4e6c-880d-d0e5568134fd}</UniqueIdentifier>
    </Filter>
    <Filter Include="SpaceShooterGame">
      <UniqueIdentifier>{7087fad3-79f1-44b4-a57e-936bbdd4a6d0}</UniqueIdentifier>
    </Filter>
    <Filter Include="SpaceShooterGame\Actors">
      <UniqueIdentifier>{63a0101d-3ed3-45bb-82d5-8b78aef6635c}</UniqueIdentifier>
    </Filter>
    <Filter Include="SpaceShooterGame\Actors\h">
      <UniqueIdentifier>{3e10805e-c54d-4973-a0dc-1d915e22ef9b}</UniqueIdentifier>
    </Filter>
    <Filter Include="SpaceShooterGame\Actors\cpp">
      <UniqueIdentifier>{319f6454-5402-4282-a801-365a1cb852ae}</UniqueIdentifier>
    </Filter>
    <Filter Include="ResourceManager">
      <UniqueIdentifier>{498bc461-b319-4f74-9b8b-7d9a56887f56}</UniqueIdentifier>
    </Filter>
    <Filter Include="ResourceManager\h">
      <UniqueIdentifier>{04a1e330-2cce-427f-878d-0e4f8ba445ee}</UniqueIdentifier>
    </Filter>
    <Filter Include="ResourceManager\cpp">
      <UniqueIdentifier>{49e79d58-f35d-49a6-8d88-e28fde6ea105}</UniqueIdentifier>
    </Filter>
    <Filter Include="Physics">
      <UniqueIdentifier>{9724dd4e-eb23-4ad9-9e18-9d8ebdb36218}</UniqueIdentifier>
    </Filter>
    <Filter Include="Physics\Components">
      <UniqueIdentifier>{ef38f3c2-b1a4-4290-a0fb-aabb88ac2e54}</UniqueIdentifier>
    </Filter>
    <Filter Include="Physics\Components\cpp">
      <UniqueIdentifier>{46aac94b-da46-465d-b7f8-381dfa4d182d}</UniqueIdentifier>
    </Filter>
    <Filter Include="Physics\Components\h">
      <UniqueIdentifier>{c6633857-9e04-4b82-84c8-b30fe7d304c5}</UniqueIdentifier>
    </Filter>
    <Filter Include="Physics\PhysicsManager">
      <UniqueIdentifier>{97df4733-c4a9-44a1-8e2f-dcbfccd7ab49}</UniqueIdentifier>
    </Filter>
    <Filter Include="Physics\PhysicsManager\h">
      <UniqueIdentifier>{0b514939-96f6-4003-b436-32ef9bf5ade0}</UniqueIdentifier>
    </Filter>
    <Filter Include="Physics\PhysicsManager\cpp">
      <UniqueIdentifier>{00015732-2231-4f05-a807-8d7c7304c77c}</UniqueIdentifier>
    </Filter>
    <Filter Include="SpaceShooterGame\Shooting">
      <UniqueIdentifier>{89fd4fc5-c976-47db-96be-1846f07460de}</UniqueIdentifier>
    </Filter>
    <Filter Include="SpaceShooterGame\Shooting\h">
      <UniqueIdentifier>{a3ff9d41-f3b3-48a2-a22d-dc2fe94c669d}</UniqueIdentifier>
    </Filter>
    <Filter Include="SpaceShooterGame\Shooting\cpp">
      <UniqueIdentifier>{70f04bb6-b6ee-40ae-bd6c-ba577be9233d}</UniqueIdentifier>
    </Filter>
  </ItemGroup>
  <ItemGroup>
    <FxCompile Include="SpritePS.hlsl">
      <Filter>Graphics\Shaders\hlsl</Filter>
    </FxCompile>
    <FxCompile Include="SpriteVS.hlsl">
      <Filter>Graphics\Shaders\hlsl</Filter>
    </FxCompile>
    <FxCompile Include="BasicVS.hlsl">
      <Filter>Graphics\Shaders\hlsl</Filter>
    </FxCompile>
    <FxCompile Include="BasicPS.hlsl">
      <Filter>Graphics\Shaders\hlsl</Filter>
    </FxCompile>
  </ItemGroup>
  <ItemGroup>
    <ClCompile Include="D3D11API.cpp">
      <Filter>Core\cpp</Filter>
    </ClCompile>
    <ClCompile Include="EngineCore.cpp">
      <Filter>Core\cpp</Filter>
    </ClCompile>
    <ClCompile Include="Input.cpp">
      <Filter>Core\cpp</Filter>
    </ClCompile>
    <ClCompile Include="SpriteShader.cpp">
      <Filter>Graphics\Shaders\cpp</Filter>
    </ClCompile>
    <ClCompile Include="HLSL_Shader.cpp">
      <Filter>Graphics\Shaders\cpp</Filter>
    </ClCompile>
    <ClCompile Include="PNG_Texture.cpp">
      <Filter>Graphics\Textures\cpp</Filter>
    </ClCompile>
    <ClCompile Include="Sprite.cpp">
      <Filter>Graphics\Textures\cpp</Filter>
    </ClCompile>
    <ClCompile Include="BasicGeometry.cpp">
      <Filter>Utils\cpp</Filter>
    </ClCompile>
    <ClCompile Include="Grid.cpp">
      <Filter>Utils\cpp</Filter>
    </ClCompile>
    <ClCompile Include="Camera.cpp">
      <Filter>Gameplay Framework\cpp</Filter>
    </ClCompile>
    <ClCompile Include="Globals.cpp" />
    <ClCompile Include="Main.cpp" />
    <ClCompile Include="Actor.cpp">
      <Filter>Gameplay Framework\cpp</Filter>
    </ClCompile>
    <ClCompile Include="SP.cpp">
      <Filter>Gameplay Framework\cpp</Filter>
    </ClCompile>
    <ClCompile Include="SpriteComponent.cpp">
      <Filter>Gameplay Framework\Components\cpp</Filter>
    </ClCompile>
    <ClCompile Include="Renderer.cpp">
      <Filter>Core\cpp</Filter>
    </ClCompile>
    <ClCompile Include="Level.cpp">
      <Filter>Core\cpp</Filter>
    </ClCompile>
    <ClCompile Include="World.cpp">
      <Filter>Core\cpp</Filter>
    </ClCompile>
    <ClCompile Include="ASpaceship.cpp">
      <Filter>SpaceShooterGame\Actors\cpp</Filter>
    </ClCompile>
    <ClCompile Include="ResourceManager.cpp">
      <Filter>ResourceManager\cpp</Filter>
    </ClCompile>
    <ClCompile Include="GameTime.cpp">
      <Filter>Core\cpp</Filter>
    </ClCompile>
    <ClCompile Include="PhysicsManager.cpp">
      <Filter>Physics\PhysicsManager\cpp</Filter>
    </ClCompile>
    <ClCompile Include="ShapeComponent.cpp">
      <Filter>Physics\Components\cpp</Filter>
    </ClCompile>
    <ClCompile Include="BasicShader.cpp">
      <Filter>Graphics\Shaders\cpp</Filter>
    </ClCompile>
    <ClCompile Include="AEnemy.cpp">
      <Filter>SpaceShooterGame\Actors\cpp</Filter>
    </ClCompile>
    <ClCompile Include="SceneComponent.cpp">
      <Filter>Gameplay Framework\Components\cpp</Filter>
    </ClCompile>
    <ClCompile Include="DSZ_Math.cpp">
      <Filter>Utils\cpp</Filter>
    </ClCompile>
    <ClCompile Include="SpaceShooterGame.cpp">
      <Filter>SpaceShooterGame</Filter>
    </ClCompile>
    <ClCompile Include="AProjectile.cpp">
      <Filter>SpaceShooterGame\Shooting\cpp</Filter>
    </ClCompile>
  </ItemGroup>
  <ItemGroup>
    <ClInclude Include="EngineCore.h">
      <Filter>Core\h</Filter>
    </ClInclude>
    <ClInclude Include="Game.h">
      <Filter>Core\h</Filter>
    </ClInclude>
    <ClInclude Include="GraphicsAPI.h">
      <Filter>Core\h</Filter>
    </ClInclude>
    <ClInclude Include="Input.h">
      <Filter>Core\h</Filter>
    </ClInclude>
    <ClInclude Include="D3D11API.h">
      <Filter>Core\h</Filter>
    </ClInclude>
    <ClInclude Include="HLSL_Shader.h">
      <Filter>Graphics\Shaders\h</Filter>
    </ClInclude>
    <ClInclude Include="Shader.h">
      <Filter>Graphics\Shaders\h</Filter>
    </ClInclude>
    <ClInclude Include="SpriteShader.h">
      <Filter>Graphics\Shaders\h</Filter>
    </ClInclude>
    <ClInclude Include="PNG_Texture.h">
      <Filter>Graphics\Textures\h</Filter>
    </ClInclude>
    <ClInclude Include="Texture.h">
      <Filter>Graphics\Textures\h</Filter>
    </ClInclude>
    <ClInclude Include="Sprite.h">
      <Filter>Graphics\Textures\h</Filter>
    </ClInclude>
    <ClInclude Include="BasicGeomentry.h">
      <Filter>Utils\h</Filter>
    </ClInclude>
    <ClInclude Include="Grid.h">
      <Filter>Utils\h</Filter>
    </ClInclude>
    <ClInclude Include="Camera.h">
      <Filter>Gameplay Framework\h</Filter>
    </ClInclude>
    <ClInclude Include="Globals.h" />
    <ClInclude Include="Actor.h">
      <Filter>Gameplay Framework\h</Filter>
    </ClInclude>
    <ClInclude Include="SP.h">
      <Filter>Gameplay Framework\h</Filter>
    </ClInclude>
    <ClInclude Include="SpriteComponent.h">
      <Filter>Gameplay Framework\Components\h</Filter>
    </ClInclude>
    <ClInclude Include="Component.h">
      <Filter>Gameplay Framework\Components\h</Filter>
    </ClInclude>
    <ClInclude Include="SceneComponent.h">
      <Filter>Gameplay Framework\Components\h</Filter>
    </ClInclude>
    <ClInclude Include="Renderer.h">
      <Filter>Core\h</Filter>
    </ClInclude>
    <ClInclude Include="Level.h">
      <Filter>Core\h</Filter>
    </ClInclude>
    <ClInclude Include="World.h">
      <Filter>Core\h</Filter>
    </ClInclude>
    <ClInclude Include="ASpaceship.h">
      <Filter>SpaceShooterGame\Actors\h</Filter>
    </ClInclude>
    <ClInclude Include="ResourceManager.h">
      <Filter>ResourceManager\h</Filter>
    </ClInclude>
    <ClInclude Include="GameTime.h">
      <Filter>Core\h</Filter>
    </ClInclude>
    <ClInclude Include="CircleComponent.h">
      <Filter>Physics\Components\h</Filter>
    </ClInclude>
    <ClInclude Include="ShapeComponent.h">
      <Filter>Physics\Components\h</Filter>
    </ClInclude>
    <ClInclude Include="PhysicsManager.h">
      <Filter>Physics\PhysicsManager\h</Filter>
    </ClInclude>
    <ClInclude Include="BasicPhysics.h">
      <Filter>Physics\PhysicsManager\h</Filter>
    </ClInclude>
    <ClInclude Include="BasicShader.h">
      <Filter>Graphics\Shaders\h</Filter>
    </ClInclude>
    <ClInclude Include="AEnemy.h">
      <Filter>SpaceShooterGame\Actors\h</Filter>
    </ClInclude>
    <ClInclude Include="DSZ_Math.h">
      <Filter>Utils\h</Filter>
    </ClInclude>
    <ClInclude Include="AProjectile.h">
      <Filter>SpaceShooterGame\Shooting\h</Filter>
    </ClInclude>
    <ClInclude Include="SpaceShooterGame.h">
      <Filter>SpaceShooterGame</Filter>
    </ClInclude>
  </ItemGroup>
</Project>